# tool	platform	repository	tag	asset	sha256	binary
neovim	linux-x86_64	neovim/neovim	v0.12.3	nvim-linux-x86_64.tar.gz	c441b547142860bf01bcce39e36cbed185c41112813e15443b16e5237750724d	nvim
neovim	linux-arm64	neovim/neovim	v0.12.3	nvim-linux-arm64.tar.gz	e055af73fa9c72b37456da8d204fa5c09850bc07e80e9176fe3b87d4afb7a3fc	nvim
neovim	macos-arm64	neovim/neovim	v0.12.3	nvim-macos-arm64.tar.gz	532da1d00e465a660fa01c3d4991333d09c52107dce7df937368545daca0a14e	nvim
ripgrep	linux-x86_64	BurntSushi/ripgrep	15.1.0	ripgrep-15.1.0-x86_64-unknown-linux-musl.tar.gz	1c9297be4a084eea7ecaedf93eb03d058d6faae29bbc57ecdaf5063921491599	rg
ripgrep	linux-arm64	BurntSushi/ripgrep	15.1.0	ripgrep-15.1.0-aarch64-unknown-linux-gnu.tar.gz	2b661c6ef508e902f388e9098d9c4c5aca72c87b55922d94abdba830b4dc885e	rg
ripgrep	macos-arm64	BurntSushi/ripgrep	15.1.0	ripgrep-15.1.0-aarch64-apple-darwin.tar.gz	378e973289176ca0c6054054ee7f631a065874a352bf43f0fa60ef079b6ba715	rg
fzf	linux-x86_64	junegunn/fzf	v0.73.1	fzf-0.73.1-linux_amd64.tar.gz	f3252c2c366bc1700d3c85781ec8c9695998927ac127870eb049ceea2d540f8a	fzf
fzf	linux-arm64	junegunn/fzf	v0.73.1	fzf-0.73.1-linux_arm64.tar.gz	a408b0b6c08d486307b8f1554f967b8b50ee1b3ea8b4035e3161bab31fdfc28d	fzf
fzf	macos-arm64	junegunn/fzf	v0.73.1	fzf-0.73.1-darwin_arm64.tar.gz	d27fd68c04fb9b42f7c73a3f7d38069a74d308e40174f64a072c747213e97286	fzf
bat	linux-x86_64	sharkdp/bat	v0.26.1	bat-v0.26.1-x86_64-unknown-linux-gnu.tar.gz	726f04c8f576a7fd18b7634f1bbf2f915c43494c1c0f013baa3287edb0d5a2a3	bat
bat	linux-arm64	sharkdp/bat	v0.26.1	bat-v0.26.1-aarch64-unknown-linux-gnu.tar.gz	422eb73e11c854fddd99f5ca8461c2f1d6e6dce0a2a8c3d5daade5ffcb6564aa	bat
bat	macos-arm64	sharkdp/bat	v0.26.1	bat-v0.26.1-aarch64-apple-darwin.tar.gz	e30beff26779c9bf60bb541e1d79046250cb74378f2757f8eb250afddb19e114	bat
delta	linux-x86_64	dandavison/delta	0.19.2	delta-0.19.2-x86_64-unknown-linux-gnu.tar.gz	8e695c5f586a8c53d6c3b01be0b4a422ed218bfed2a56191caebe373a1c18ab2	delta
delta	linux-arm64	dandavison/delta	0.19.2	delta-0.19.2-aarch64-unknown-linux-gnu.tar.gz	0bfce159a5cddd5feb3d6db4a616d883ff51253ce08ac7ec11cb1d208cfaab9e	delta
delta	macos-arm64	dandavison/delta	0.19.2	delta-0.19.2-aarch64-apple-darwin.tar.gz	9be36612a5a13e9e386dc498fb8e50dc87c72ee42b63db0ea05b32f99a72a69a	delta
lazygit	linux-x86_64	jesseduffield/lazygit	v0.62.2	lazygit_0.62.2_linux_x86_64.tar.gz	8b9a4c2d0969cbea92b45c956dd2a44e1ba76900c9df49f1c60984045ce77984	lazygit
lazygit	linux-arm64	jesseduffield/lazygit	v0.62.2	lazygit_0.62.2_linux_arm64.tar.gz	9ab63dd75a7e9711c4c68a37d77f4334b8099a5d6a3f8fbe8f4e2768b159c9e9	lazygit
lazygit	macos-arm64	jesseduffield/lazygit	v0.62.2	lazygit_0.62.2_darwin_arm64.tar.gz	f311d96b666b4865760e39f3967edfd7bf30b5d09e52a1bc7ae511f6bdfdd02c	lazygit
tree-sitter	linux-x86_64	tree-sitter/tree-sitter	v0.26.9	tree-sitter-cli-linux-x64.zip	0ea5daaef79145fe73786f0e3cdc43b62b22ddb36f7f6676c9f8bb72434d78e9	tree-sitter
tree-sitter	linux-arm64	tree-sitter/tree-sitter	v0.26.9	tree-sitter-cli-linux-arm64.zip	8b6c0f53593ce17c7eb90eb08de5ffb9f513f3db585b1fbef12219cacf7e8a68	tree-sitter
tree-sitter	macos-arm64	tree-sitter/tree-sitter	v0.26.9	tree-sitter-cli-macos-arm64.zip	86e81a78eee96f4fd730e43589ecc80263f7e34be7a0558ccebff9a492e8ad97	tree-sitter
ninja	linux-x86_64	ninja-build/ninja	v1.13.2	ninja-linux.zip	5749cbc4e668273514150a80e387a957f933c6ed3f5f11e03fb30955e2bbead6	ninja
ninja	linux-arm64	ninja-build/ninja	v1.13.2	ninja-linux-aarch64.zip	fd2cacc8050a7f12a16a2e48f9e06fca5c14fc4c2bee2babb67b58be17a607fc	ninja
ninja	macos-arm64	ninja-build/ninja	v1.13.2	ninja-mac.zip	c99048673aa765960a99cf10c6ddb9f1fad506099ff0a0e137ad8960a88f321b	ninja
gh	linux-x86_64	cli/cli	v2.95.0	gh_2.95.0_linux_amd64.tar.gz	25d1e4729e8808c9ed3d613e96ebd3f3e44446f2d368c89d878a71a36ddb3d8c	gh
gh	linux-arm64	cli/cli	v2.95.0	gh_2.95.0_linux_arm64.tar.gz	d41e0b3b6218e5741c8bb4db39b16e53a59e0e06299a8489bd38f623ef7ebaae	gh
gh	macos-arm64	cli/cli	v2.95.0	gh_2.95.0_macOS_arm64.zip	3677f9c27965825f9c7d50395473c134edaea4b484373ef6b25de653570a0489	gh
beads-rust	linux-x86_64	Dicklesworthstone/beads_rust	v0.2.15	br-0.2.15-linux_amd64.tar.gz	38d008eaae7f82d40617dc5987e7e52e14add74cd819b9e4bd4e4dcd03b4a667	br
beads-rust	linux-arm64	Dicklesworthstone/beads_rust	v0.2.15	br-0.2.15-linux_arm64.tar.gz	334c3e2feae6014324eaa823e4a0882340039a57a015fbbf6f178ca4aa79f880	br
beads-rust	macos-arm64	Dicklesworthstone/beads_rust	v0.2.15	br-0.2.15-darwin_arm64.tar.gz	4e32133f1eca2828be15e0fa84d3db456d5af6fd64cffab7385ed449b12b889c	br
